{
  "originHash" : "f9d88ae9841f5958c75cd33eed7693d345753714b7049d8fa0215fe31b144050",
  "pins" : [
    {
      "identity" : "tiltkit",
      "kind" : "remoteSourceControl",
      "location" : "https://github.com/chaert-s/TiltKit.git",
      "state" : {
        "revision" : "c17e0e0a146a976edd9376f1a98e757780505a9b",
        "version" : "1.2.0"
      }
    },
    {
      "identity" : "timer",
      "kind" : "remoteSourceControl",
      "location" : "https://github.com/Mijick/Timer",
      "state" : {
        "revision" : "93fe777e0c7e693f388ce0ffeeec97b3dd812743",
        "version" : "1.0.2"
      }
    }
  ],
  "version" : 3
}
